
Microsoft Visual Studio Solution File, Format Version 12.00
# Visual Studio Version 17
VisualStudioVersion = 17.0.32112.339
MinimumVisualStudioVersion = 10.0.40219.1
Project("{FAE04EC0-301F-11D3-BF4B-00C04F79EFBC}") = "MvcMovie", "MvcMovie\MvcMovie.csproj", "{C392637A-28A8-4683-ABBB-388759F24345}"
EndProject
Global
	GlobalSection(SolutionConfigurationPlatforms) = preSolution
		Debug|Any CPU = Debug|Any CPU
		Release|Any CPU = Release|Any CPU
	EndGlobalSection
	GlobalSection(ProjectConfigurationPlatforms) = postSolution
		{C392637A-28A8-4683-ABBB-388759F24345}.Debug|Any CPU.ActiveCfg = Debug|Any CPU
		{C392637A-28A8-4683-ABBB-388759F24345}.Debug|Any CPU.Build.0 = Debug|Any CPU
		{C392637A-28A8-4683-ABBB-388759F24345}.Release|Any CPU.ActiveCfg = Release|Any CPU
		{C392637A-28A8-4683-ABBB-388759F24345}.Release|Any CPU.Build.0 = Release|Any CPU
	EndGlobalSection
	GlobalSection(SolutionProperties) = preSolution
		HideSolutionNode = FALSE
	EndGlobalSection
	GlobalSection(ExtensibilityGlobals) = postSolution
		SolutionGuid = {2A4A81BB-27A0-4BB1-BAE3-8784CA0E1E21}
	EndGlobalSection
EndGlobal
